
Microsoft Visual Studio Solution File, Format Version 12.00
# Visual Studio Version 17
VisualStudioVersion = 17.6.33815.320
MinimumVisualStudioVersion = 10.0.40219.1
Project("{9A19103F-16F7-4668-BE54-9A1E7A4F7556}") = "Task_1", "Task_1\Task_1.csproj", "{27C15957-8095-4333-8122-562521BEF8FA}"
EndProject
Project("{9A19103F-16F7-4668-BE54-9A1E7A4F7556}") = "Task_2", "Task_2\Task_2.csproj", "{A266E26A-138A-45EA-A285-C776FD358CB4}"
EndProject
Project("{9A19103F-16F7-4668-BE54-9A1E7A4F7556}") = "Task_3", "Task_3\Task_3.csproj", "{46FF15AB-7BCB-41EF-97C0-B7CCB5BC91D1}"
EndProject
Project("{FAE04EC0-301F-11D3-BF4B-00C04F79EFBC}") = "Task_5", "Task_5\Task_5.csproj", "{907F9039-73CB-4219-8009-91279276983A}"
EndProject
Global
	GlobalSection(SolutionConfigurationPlatforms) = preSolution
		Debug|Any CPU = Debug|Any CPU
		Release|Any CPU = Release|Any CPU
	EndGlobalSection
	GlobalSection(ProjectConfigurationPlatforms) = postSolution
		{27C15957-8095-4333-8122-562521BEF8FA}.Debug|Any CPU.ActiveCfg = Debug|Any CPU
		{27C15957-8095-4333-8122-562521BEF8FA}.Debug|Any CPU.Build.0 = Debug|Any CPU
		{27C15957-8095-4333-8122-562521BEF8FA}.Release|Any CPU.ActiveCfg = Release|Any CPU
		{27C15957-8095-4333-8122-562521BEF8FA}.Release|Any CPU.Build.0 = Release|Any CPU
		{A266E26A-138A-45EA-A285-C776FD358CB4}.Debug|Any CPU.ActiveCfg = Debug|Any CPU
		{A266E26A-138A-45EA-A285-C776FD358CB4}.Debug|Any CPU.Build.0 = Debug|Any CPU
		{A266E26A-138A-45EA-A285-C776FD358CB4}.Release|Any CPU.ActiveCfg = Release|Any CPU
		{A266E26A-138A-45EA-A285-C776FD358CB4}.Release|Any CPU.Build.0 = Release|Any CPU
		{46FF15AB-7BCB-41EF-97C0-B7CCB5BC91D1}.Debug|Any CPU.ActiveCfg = Debug|Any CPU
		{46FF15AB-7BCB-41EF-97C0-B7CCB5BC91D1}.Debug|Any CPU.Build.0 = Debug|Any CPU
		{46FF15AB-7BCB-41EF-97C0-B7CCB5BC91D1}.Release|Any CPU.ActiveCfg = Release|Any CPU
		{46FF15AB-7BCB-41EF-97C0-B7CCB5BC91D1}.Release|Any CPU.Build.0 = Release|Any CPU
		{907F9039-73CB-4219-8009-91279276983A}.Debug|Any CPU.ActiveCfg = Debug|Any CPU
		{907F9039-73CB-4219-8009-91279276983A}.Debug|Any CPU.Build.0 = Debug|Any CPU
		{907F9039-73CB-4219-8009-91279276983A}.Release|Any CPU.ActiveCfg = Release|Any CPU
		{907F9039-73CB-4219-8009-91279276983A}.Release|Any CPU.Build.0 = Release|Any CPU
	EndGlobalSection
	GlobalSection(SolutionProperties) = preSolution
		HideSolutionNode = FALSE
	EndGlobalSection
	GlobalSection(ExtensibilityGlobals) = postSolution
		SolutionGuid = {713C8793-705D-4119-AA0C-11260BB38DB7}
	EndGlobalSection
EndGlobal
