
Microsoft Visual Studio Solution File, Format Version 12.00
# Visual Studio Version 17
VisualStudioVersion = 17.6.33829.357
MinimumVisualStudioVersion = 10.0.40219.1
Project("{9A19103F-16F7-4668-BE54-9A1E7A4F7556}") = "Task_1", "Task_1\Task_1.csproj", "{2EFCFFD1-78AE-4ED5-AB57-DE3E3BC0F17D}"
EndProject
Project("{FAE04EC0-301F-11D3-BF4B-00C04F79EFBC}") = "Task_2", "Task_2\Task_2.csproj", "{5F9197C0-FBD4-46BE-ACF6-1F7CED24CE2F}"
EndProject
Global
	GlobalSection(SolutionConfigurationPlatforms) = preSolution
		Debug|Any CPU = Debug|Any CPU
		Release|Any CPU = Release|Any CPU
	EndGlobalSection
	GlobalSection(ProjectConfigurationPlatforms) = postSolution
		{2EFCFFD1-78AE-4ED5-AB57-DE3E3BC0F17D}.Debug|Any CPU.ActiveCfg = Debug|Any CPU
		{2EFCFFD1-78AE-4ED5-AB57-DE3E3BC0F17D}.Debug|Any CPU.Build.0 = Debug|Any CPU
		{2EFCFFD1-78AE-4ED5-AB57-DE3E3BC0F17D}.Release|Any CPU.ActiveCfg = Release|Any CPU
		{2EFCFFD1-78AE-4ED5-AB57-DE3E3BC0F17D}.Release|Any CPU.Build.0 = Release|Any CPU
		{5F9197C0-FBD4-46BE-ACF6-1F7CED24CE2F}.Debug|Any CPU.ActiveCfg = Debug|Any CPU
		{5F9197C0-FBD4-46BE-ACF6-1F7CED24CE2F}.Debug|Any CPU.Build.0 = Debug|Any CPU
		{5F9197C0-FBD4-46BE-ACF6-1F7CED24CE2F}.Release|Any CPU.ActiveCfg = Release|Any CPU
		{5F9197C0-FBD4-46BE-ACF6-1F7CED24CE2F}.Release|Any CPU.Build.0 = Release|Any CPU
	EndGlobalSection
	GlobalSection(SolutionProperties) = preSolution
		HideSolutionNode = FALSE
	EndGlobalSection
	GlobalSection(ExtensibilityGlobals) = postSolution
		SolutionGuid = {F08B5AE9-33E9-43C2-B2B6-652DF092CE4C}
	EndGlobalSection
EndGlobal
