
Microsoft Visual Studio Solution File, Format Version 12.00
# Visual Studio Version 17
VisualStudioVersion = 17.6.33829.357
MinimumVisualStudioVersion = 10.0.40219.1
Project("{9A19103F-16F7-4668-BE54-9A1E7A4F7556}") = "Library", "Library\Library.csproj", "{4EF24D6C-5C3C-485B-9C5D-5189F2A48EE1}"
EndProject
Global
	GlobalSection(SolutionConfigurationPlatforms) = preSolution
		Debug|Any CPU = Debug|Any CPU
		Release|Any CPU = Release|Any CPU
	EndGlobalSection
	GlobalSection(ProjectConfigurationPlatforms) = postSolution
		{4EF24D6C-5C3C-485B-9C5D-5189F2A48EE1}.Debug|Any CPU.ActiveCfg = Debug|Any CPU
		{4EF24D6C-5C3C-485B-9C5D-5189F2A48EE1}.Debug|Any CPU.Build.0 = Debug|Any CPU
		{4EF24D6C-5C3C-485B-9C5D-5189F2A48EE1}.Release|Any CPU.ActiveCfg = Release|Any CPU
		{4EF24D6C-5C3C-485B-9C5D-5189F2A48EE1}.Release|Any CPU.Build.0 = Release|Any CPU
	EndGlobalSection
	GlobalSection(SolutionProperties) = preSolution
		HideSolutionNode = FALSE
	EndGlobalSection
	GlobalSection(ExtensibilityGlobals) = postSolution
		SolutionGuid = {9553E522-3840-4AE7-8288-EF7C62525905}
	EndGlobalSection
EndGlobal
